
Microsoft Visual Studio Solution File, Format Version 12.00
# Visual Studio Version 17
VisualStudioVersion = 17.11.35327.3
MinimumVisualStudioVersion = 10.0.40219.1
Project("{9A19103F-16F7-4668-BE54-9A1E7A4F7556}") = "apalizT5A", "apalizT5A.csproj", "{91CDAE54-A26E-477B-8748-7D18E7E697EE}"
EndProject
Global
	GlobalSection(SolutionConfigurationPlatforms) = preSolution
		Debug|Any CPU = Debug|Any CPU
		Release|Any CPU = Release|Any CPU
	EndGlobalSection
	GlobalSection(ProjectConfigurationPlatforms) = postSolution
		{91CDAE54-A26E-477B-8748-7D18E7E697EE}.Debug|Any CPU.ActiveCfg = Debug|Any CPU
		{91CDAE54-A26E-477B-8748-7D18E7E697EE}.Debug|Any CPU.Build.0 = Debug|Any CPU
		{91CDAE54-A26E-477B-8748-7D18E7E697EE}.Debug|Any CPU.Deploy.0 = Debug|Any CPU
		{91CDAE54-A26E-477B-8748-7D18E7E697EE}.Release|Any CPU.ActiveCfg = Release|Any CPU
		{91CDAE54-A26E-477B-8748-7D18E7E697EE}.Release|Any CPU.Build.0 = Release|Any CPU
		{91CDAE54-A26E-477B-8748-7D18E7E697EE}.Release|Any CPU.Deploy.0 = Release|Any CPU
	EndGlobalSection
	GlobalSection(SolutionProperties) = preSolution
		HideSolutionNode = FALSE
	EndGlobalSection
	GlobalSection(ExtensibilityGlobals) = postSolution
		SolutionGuid = {8AA39545-BFE1-442A-9E95-CBA639CB0BB4}
	EndGlobalSection
EndGlobal
